
Microsoft Visual Studio Solution File, Format Version 12.00
# Visual Studio 2012
Project("{FAE04EC0-301F-11D3-BF4B-00C04F79EFBC}") = "Skybrud.Social.Umbraco", "Skybrud.Social.Umbraco\Skybrud.Social.Umbraco.csproj", "{701C5AAD-6ED0-4D6D-9114-AF3CE7BD5878}"
EndProject
Global
	GlobalSection(SolutionConfigurationPlatforms) = preSolution
		Debug|Any CPU = Debug|Any CPU
		Release|Any CPU = Release|Any CPU
	EndGlobalSection
	GlobalSection(ProjectConfigurationPlatforms) = postSolution
		{701C5AAD-6ED0-4D6D-9114-AF3CE7BD5878}.Debug|Any CPU.ActiveCfg = Debug|Any CPU
		{701C5AAD-6ED0-4D6D-9114-AF3CE7BD5878}.Debug|Any CPU.Build.0 = Debug|Any CPU
		{701C5AAD-6ED0-4D6D-9114-AF3CE7BD5878}.Release|Any CPU.ActiveCfg = Release|Any CPU
		{701C5AAD-6ED0-4D6D-9114-AF3CE7BD5878}.Release|Any CPU.Build.0 = Release|Any CPU
	EndGlobalSection
	GlobalSection(SolutionProperties) = preSolution
		HideSolutionNode = FALSE
	EndGlobalSection
EndGlobal
